
Microsoft Visual Studio Solution File, Format Version 12.00
# Visual Studio Version 16
VisualStudioVersion = 16.0.29709.97
MinimumVisualStudioVersion = 10.0.40219.1
Project("{F184B08F-C81C-45F6-A57F-5ABD9991F28F}") = "MapFolders", "MapFolders\MapFolders.vbproj", "{FF1A9F4F-DFE4-4B90-BB98-9286E5A1A4E1}"
EndProject
Global
	GlobalSection(SolutionConfigurationPlatforms) = preSolution
		Debug|Any CPU = Debug|Any CPU
		Release|Any CPU = Release|Any CPU
	EndGlobalSection
	GlobalSection(ProjectConfigurationPlatforms) = postSolution
		{FF1A9F4F-DFE4-4B90-BB98-9286E5A1A4E1}.Debug|Any CPU.ActiveCfg = Debug|Any CPU
		{FF1A9F4F-DFE4-4B90-BB98-9286E5A1A4E1}.Debug|Any CPU.Build.0 = Debug|Any CPU
		{FF1A9F4F-DFE4-4B90-BB98-9286E5A1A4E1}.Release|Any CPU.ActiveCfg = Release|Any CPU
		{FF1A9F4F-DFE4-4B90-BB98-9286E5A1A4E1}.Release|Any CPU.Build.0 = Release|Any CPU
	EndGlobalSection
	GlobalSection(SolutionProperties) = preSolution
		HideSolutionNode = FALSE
	EndGlobalSection
	GlobalSection(ExtensibilityGlobals) = postSolution
		SolutionGuid = {D0124748-8830-4815-A8D4-CD084762B6DD}
	EndGlobalSection
EndGlobal
